
Microsoft Visual Studio Solution File, Format Version 12.00
# Visual Studio 15
VisualStudioVersion = 15.0.27130.2010
MinimumVisualStudioVersion = 10.0.40219.1
Project("{8BC9CEB8-8B4A-11D0-8D11-00A0C91BC942}") = "ElliGen_CMD_Exec", "ElliGen_CMD_Exec\ElliGen_CMD_Exec.vcxproj", "{DF004493-F468-45A1-82B8-F9AFA6C63C23}"
EndProject
Project("{8BC9CEB8-8B4A-11D0-8D11-00A0C91BC942}") = "ElliGen_Core", "ElliGen_Core\ElliGen_Core.vcxproj", "{FE49D6B0-27AF-4EF2-9149-0370DA2F7E08}"
EndProject
Global
	GlobalSection(SolutionConfigurationPlatforms) = preSolution
		Debug|x64 = Debug|x64
		Debug|x86 = Debug|x86
		Release|x64 = Release|x64
		Release|x86 = Release|x86
	EndGlobalSection
	GlobalSection(ProjectConfigurationPlatforms) = postSolution
		{DF004493-F468-45A1-82B8-F9AFA6C63C23}.Debug|x64.ActiveCfg = Debug|x64
		{DF004493-F468-45A1-82B8-F9AFA6C63C23}.Debug|x64.Build.0 = Debug|x64
		{DF004493-F468-45A1-82B8-F9AFA6C63C23}.Debug|x86.ActiveCfg = Debug|Win32
		{DF004493-F468-45A1-82B8-F9AFA6C63C23}.Debug|x86.Build.0 = Debug|Win32
		{DF004493-F468-45A1-82B8-F9AFA6C63C23}.Release|x64.ActiveCfg = Release|x64
		{DF004493-F468-45A1-82B8-F9AFA6C63C23}.Release|x64.Build.0 = Release|x64
		{DF004493-F468-45A1-82B8-F9AFA6C63C23}.Release|x86.ActiveCfg = Release|Win32
		{DF004493-F468-45A1-82B8-F9AFA6C63C23}.Release|x86.Build.0 = Release|Win32
		{FE49D6B0-27AF-4EF2-9149-0370DA2F7E08}.Debug|x64.ActiveCfg = Debug|x64
		{FE49D6B0-27AF-4EF2-9149-0370DA2F7E08}.Debug|x64.Build.0 = Debug|x64
		{FE49D6B0-27AF-4EF2-9149-0370DA2F7E08}.Debug|x86.ActiveCfg = Debug|Win32
		{FE49D6B0-27AF-4EF2-9149-0370DA2F7E08}.Debug|x86.Build.0 = Debug|Win32
		{FE49D6B0-27AF-4EF2-9149-0370DA2F7E08}.Release|x64.ActiveCfg = Release|x64
		{FE49D6B0-27AF-4EF2-9149-0370DA2F7E08}.Release|x64.Build.0 = Release|x64
		{FE49D6B0-27AF-4EF2-9149-0370DA2F7E08}.Release|x86.ActiveCfg = Release|Win32
		{FE49D6B0-27AF-4EF2-9149-0370DA2F7E08}.Release|x86.Build.0 = Release|Win32
	EndGlobalSection
	GlobalSection(SolutionProperties) = preSolution
		HideSolutionNode = FALSE
	EndGlobalSection
	GlobalSection(ExtensibilityGlobals) = postSolution
		SolutionGuid = {D568E9A0-3DBA-4EDA-A651-E73A74960987}
	EndGlobalSection
EndGlobal
